// !$*UTF8*$!
{
	archiveVersion = 1;
	classes = {
	};
	objectVersion = 55;
	objects = {

/* Begin PBXBuildFile section */
		14CBAD1928742CCE00B57322 /* Pacifico-Regular.ttf in Resources */ = {isa = PBXBuildFile; fileRef = 14CBAD1828742CCE00B57322 /* Pacifico-Regular.ttf */; };
		14CBAD1D28743B1300B57322 /* InfoView.swift in Sources */ = {isa = PBXBuildFile; fileRef = 14CBAD1C28743B1300B57322 /* InfoView.swift */; };
		14CF312F2874162A0069B798 /* AzzohiroCardApp.swift in Sources */ = {isa = PBXBuildFile; fileRef = 14CF312E2874162A0069B798 /* AzzohiroCardApp.swift */; };
		14CF31312874162A0069B798 /* ContentView.swift in Sources */ = {isa = PBXBuildFile; fileRef = 14CF31302874162A0069B798 /* ContentView.swift */; };
		14CF31332874162D0069B798 /* Assets.xcassets in Resources */ = {isa = PBXBuildFile; fileRef = 14CF31322874162D0069B798 /* Assets.xcassets */; };
		14CF31362874162D0069B798 /* Preview Assets.xcassets in Resources */ = {isa = PBXBuildFile; fileRef = 14CF31352874162D0069B798 /* Preview Assets.xcassets */; };
		14CF313F28741A350069B798 /* PTSansNarrow-Regular.ttf in Resources */ = {isa = PBXBuildFile; fileRef = 14CF313D28741A350069B798 /* PTSansNarrow-Regular.ttf */; };
		14CF314028741A350069B798 /* PTSansNarrow-Bold.ttf in Resources */ = {isa = PBXBuildFile; fileRef = 14CF313E28741A350069B798 /* PTSansNarrow-Bold.ttf */; };
		14CF317828741DB50069B798 /* Launch Screen.storyboard in Resources */ = {isa = PBXBuildFile; fileRef = 14CF317728741DB50069B798 /* Launch Screen.storyboard */; };
/* End PBXBuildFile section */

/* Begin PBXFileReference section */
		14CBAD1828742CCE00B57322 /* Pacifico-Regular.ttf */ = {isa = PBXFileReference; lastKnownFileType = file; path = "Pacifico-Regular.ttf"; sourceTree = "<group>"; };
		14CBAD1C28743B1300B57322 /* InfoView.swift */ = {isa = PBXFileReference; lastKnownFileType = sourcecode.swift; path = InfoView.swift; sourceTree = "<group>"; };
		14CF312B2874162A0069B798 /* AzzohiroCard.app */ = {isa = PBXFileReference; explicitFileType = wrapper.application; includeInIndex = 0; path = AzzohiroCard.app; sourceTree = BUILT_PRODUCTS_DIR; };
		14CF312E2874162A0069B798 /* AzzohiroCardApp.swift */ = {isa = PBXFileReference; lastKnownFileType = sourcecode.swift; path = AzzohiroCardApp.swift; sourceTree = "<group>"; };
		14CF31302874162A0069B798 /* ContentView.swift */ = {isa = PBXFileReference; lastKnownFileType = sourcecode.swift; path = ContentView.swift; sourceTree = "<group>"; };
		14CF31322874162D0069B798 /* Assets.xcassets */ = {isa = PBXFileReference; lastKnownFileType = folder.assetcatalog; path = Assets.xcassets; sourceTree = "<group>"; };
		14CF31352874162D0069B798 /* Preview Assets.xcassets */ = {isa = PBXFileReference; lastKnownFileType = folder.assetcatalog; path = "Preview Assets.xcassets"; sourceTree = "<group>"; };
		14CF313D28741A350069B798 /* PTSansNarrow-Regular.ttf */ = {isa = PBXFileReference; lastKnownFileType = file; path = "PTSansNarrow-Regular.ttf"; sourceTree = "<group>"; };
		14CF313E28741A350069B798 /* PTSansNarrow-Bold.ttf */ = {isa = PBXFileReference; lastKnownFileType = file; path = "PTSansNarrow-Bold.ttf"; sourceTree = "<group>"; };
		14CF317628741D460069B798 /* Info.plist */ = {isa = PBXFileReference; lastKnownFileType = text.plist; path = Info.plist; sourceTree = "<group>"; };
		14CF317728741DB50069B798 /* Launch Screen.storyboard */ = {isa = PBXFileReference; lastKnownFileType = file.storyboard; path = "Launch Screen.storyboard"; sourceTree = "<group>"; };
/* End PBXFileReference section */

/* Begin PBXFrameworksBuildPhase section */
		14CF31282874162A0069B798 /* Frameworks */ = {
			isa = PBXFrameworksBuildPhase;
			buildActionMask = 2147483647;
			files = (
			);
			runOnlyForDeploymentPostprocessing = 0;
		};
/* End PBXFrameworksBuildPhase section */

/* Begin PBXGroup section */
		14CF31222874162A0069B798 = {
			isa = PBXGroup;
			children = (
				14CF312D2874162A0069B798 /* AzzohiroCard */,
				14CF312C2874162A0069B798 /* Products */,
			);
			sourceTree = "<group>";
		};
		14CF312C2874162A0069B798 /* Products */ = {
			isa = PBXGroup;
			children = (
				14CF312B2874162A0069B798 /* AzzohiroCard.app */,
			);
			name = Products;
			sourceTree = "<group>";
		};
		14CF312D2874162A0069B798 /* AzzohiroCard */ = {
			isa = PBXGroup;
			children = (
				14CF313C28741A0B0069B798 /* fonts */,
				14CF312E2874162A0069B798 /* AzzohiroCardApp.swift */,
				14CF31302874162A0069B798 /* ContentView.swift */,
				14CBAD1C28743B1300B57322 /* InfoView.swift */,
				14CF31322874162D0069B798 /* Assets.xcassets */,
				14CF317628741D460069B798 /* Info.plist */,
				14CF31342874162D0069B798 /* Preview Content */,
				14CF317728741DB50069B798 /* Launch Screen.storyboard */,
			);
			path = AzzohiroCard;
			sourceTree = "<group>";
		};
		14CF31342874162D0069B798 /* Preview Content */ = {
			isa = PBXGroup;
			children = (
				14CF31352874162D0069B798 /* Preview Assets.xcassets */,
			);
			path = "Preview Content";
			sourceTree = "<group>";
		};
		14CF313C28741A0B0069B798 /* fonts */ = {
			isa = PBXGroup;
			children = (
				14CBAD1828742CCE00B57322 /* Pacifico-Regular.ttf */,
				14CF313E28741A350069B798 /* PTSansNarrow-Bold.ttf */,
				14CF313D28741A350069B798 /* PTSansNarrow-Regular.ttf */,
			);
			path = fonts;
			sourceTree = "<group>";
		};
/* End PBXGroup section */

/* Begin PBXNativeTarget section */
		14CF312A2874162A0069B798 /* AzzohiroCard */ = {
			isa = PBXNativeTarget;
			buildConfigurationList = 14CF31392874162D0069B798 /* Build configuration list for PBXNativeTarget "AzzohiroCard" */;
			buildPhases = (
				14CF31272874162A0069B798 /* Sources */,
				14CF31282874162A0069B798 /* Frameworks */,
				14CF31292874162A0069B798 /* Resources */,
			);
			buildRules = (
			);
			dependencies = (
			);
			name = AzzohiroCard;
			productName = AzzohiroCard;
			productReference = 14CF312B2874162A0069B798 /* AzzohiroCard.app */;
			productType = "com.apple.product-type.application";
		};
/* End PBXNativeTarget section */

/* Begin PBXProject section */
		14CF31232874162A0069B798 /* Project object */ = {
			isa = PBXProject;
			attributes = {
				BuildIndependentTargetsInParallel = 1;
				LastSwiftUpdateCheck = 1330;
				LastUpgradeCheck = 1330;
				TargetAttributes = {
					14CF312A2874162A0069B798 = {
						CreatedOnToolsVersion = 13.3.1;
					};
				};
			};
			buildConfigurationList = 14CF31262874162A0069B798 /* Build configuration list for PBXProject "AzzohiroCard" */;
			compatibilityVersion = "Xcode 13.0";
			developmentRegion = en;
			hasScannedForEncodings = 0;
			knownRegions = (
				en,
				Base,
			);
			mainGroup = 14CF31222874162A0069B798;
			productRefGroup = 14CF312C2874162A0069B798 /* Products */;
			projectDirPath = "";
			projectRoot = "";
			targets = (
				14CF312A2874162A0069B798 /* AzzohiroCard */,
			);
		};
/* End PBXProject section */

/* Begin PBXResourcesBuildPhase section */
		14CF31292874162A0069B798 /* Resources */ = {
			isa = PBXResourcesBuildPhase;
			buildActionMask = 2147483647;
			files = (
				14CF313F28741A350069B798 /* PTSansNarrow-Regular.ttf in Resources */,
				14CF314028741A350069B798 /* PTSansNarrow-Bold.ttf in Resources */,
				14CF31362874162D0069B798 /* Preview Assets.xcassets in Resources */,
				14CBAD1928742CCE00B57322 /* Pacifico-Regular.ttf in Resources */,
				14CF317828741DB50069B798 /* Launch Screen.storyboard in Resources */,
				14CF31332874162D0069B798 /* Assets.xcassets in Resources */,
			);
			runOnlyForDeploymentPostprocessing = 0;
		};
/* End PBXResourcesBuildPhase section */

/* Begin PBXSourcesBuildPhase section */
		14CF31272874162A0069B798 /* Sources */ = {
			isa = PBXSourcesBuildPhase;
			buildActionMask = 2147483647;
			files = (
				14CF31312874162A0069B798 /* ContentView.swift in Sources */,
				14CBAD1D28743B1300B57322 /* InfoView.swift in Sources */,
				14CF312F2874162A0069B798 /* AzzohiroCardApp.swift in Sources */,
			);
			runOnlyForDeploymentPostprocessing = 0;
		};
/* End PBXSourcesBuildPhase section */

/* Begin XCBuildConfiguration section */
		14CF31372874162D0069B798 /* Debug */ = {
			isa = XCBuildConfiguration;
			buildSettings = {
				ALWAYS_SEARCH_USER_PATHS = NO;
				CLANG_ANALYZER_NONNULL = YES;
				CLANG_ANALYZER_NUMBER_OBJECT_CONVERSION = YES_AGGRESSIVE;
				CLANG_CXX_LANGUAGE_STANDARD = "gnu++17";
				CLANG_ENABLE_MODULES = YES;
				CLANG_ENABLE_OBJC_ARC = YES;
				CLANG_ENABLE_OBJC_WEAK = YES;
				CLANG_WARN_BLOCK_CAPTURE_AUTORELEASING = YES;
				CLANG_WARN_BOOL_CONVERSION = YES;
				CLANG_WARN_COMMA = YES;
				CLANG_WARN_CONSTANT_CONVERSION = YES;
				CLANG_WARN_DEPRECATED_OBJC_IMPLEMENTATIONS = YES;
				CLANG_WARN_DIRECT_OBJC_ISA_USAGE = YES_ERROR;
				CLANG_WARN_DOCUMENTATION_COMMENTS = YES;
				CLANG_WARN_EMPTY_BODY = YES;
				CLANG_WARN_ENUM_CONVERSION = YES;
				CLANG_WARN_INFINITE_RECURSION = YES;
				CLANG_WARN_INT_CONVERSION = YES;
				CLANG_WARN_NON_LITERAL_NULL_CONVERSION = YES;
				CLANG_WARN_OBJC_IMPLICIT_RETAIN_SELF = YES;
				CLANG_WARN_OBJC_LITERAL_CONVERSION = YES;
				CLANG_WARN_OBJC_ROOT_CLASS = YES_ERROR;
				CLANG_WARN_QUOTED_INCLUDE_IN_FRAMEWORK_HEADER = YES;
				CLANG_WARN_RANGE_LOOP_ANALYSIS = YES;
				CLANG_WARN_STRICT_PROTOTYPES = YES;
				CLANG_WARN_SUSPICIOUS_MOVE = YES;
				CLANG_WARN_UNGUARDED_AVAILABILITY = YES_AGGRESSIVE;
				CLANG_WARN_UNREACHABLE_CODE = YES;
				CLANG_WARN__DUPLICATE_METHOD_MATCH = YES;
				COPY_PHASE_STRIP = NO;
				DEBUG_INFORMATION_FORMAT = dwarf;
				ENABLE_STRICT_OBJC_MSGSEND = YES;
				ENABLE_TESTABILITY = YES;
				GCC_C_LANGUAGE_STANDARD = gnu11;
				GCC_DYNAMIC_NO_PIC = NO;
				GCC_NO_COMMON_BLOCKS = YES;
				GCC_OPTIMIZATION_LEVEL = 0;
				GCC_PREPROCESSOR_DEFINITIONS = (
					"DEBUG=1",
					"$(inherited)",
				);
				GCC_WARN_64_TO_32_BIT_CONVERSION = YES;
				GCC_WARN_ABOUT_RETURN_TYPE = YES_ERROR;
				GCC_WARN_UNDECLARED_SELECTOR = YES;
				GCC_WARN_UNINITIALIZED_AUTOS = YES_AGGRESSIVE;
				GCC_WARN_UNUSED_FUNCTION = YES;
				GCC_WARN_UNUSED_VARIABLE = YES;
				IPHONEOS_DEPLOYMENT_TARGET = 15.4;
				MTL_ENABLE_DEBUG_INFO = INCLUDE_SOURCE;
				MTL_FAST_MATH = YES;
				ONLY_ACTIVE_ARCH = YES;
				SDKROOT = iphoneos;
				SWIFT_ACTIVE_COMPILATION_CONDITIONS = DEBUG;
				SWIFT_OPTIMIZATION_LEVEL = "-Onone";
			};
			name = Debug;
		};
		14CF31382874162D0069B798 /* Release */ = {
			isa = XCBuildConfiguration;
			buildSettings = {
				ALWAYS_SEARCH_USER_PATHS = NO;
				CLANG_ANALYZER_NONNULL = YES;
				CLANG_ANALYZER_NUMBER_OBJECT_CONVERSION = YES_AGGRESSIVE;
				CLANG_CXX_LANGUAGE_STANDARD = "gnu++17";
				CLANG_ENABLE_MODULES = YES;
				CLANG_ENABLE_OBJC_ARC = YES;
				CLANG_ENABLE_OBJC_WEAK = YES;
				CLANG_WARN_BLOCK_CAPTURE_AUTORELEASING = YES;
				CLANG_WARN_BOOL_CONVERSION = YES;
				CLANG_WARN_COMMA = YES;
				CLANG_WARN_CONSTANT_CONVERSION = YES;
				CLANG_WARN_DEPRECATED_OBJC_IMPLEMENTATIONS = YES;
				CLANG_WARN_DIRECT_OBJC_ISA_USAGE = YES_ERROR;
				CLANG_WARN_DOCUMENTATION_COMMENTS = YES;
				CLANG_WARN_EMPTY_BODY = YES;
				CLANG_WARN_ENUM_CONVERSION = YES;
				CLANG_WARN_INFINITE_RECURSION = YES;
				CLANG_WARN_INT_CONVERSION = YES;
				CLANG_WARN_NON_LITERAL_NULL_CONVERSION = YES;
				CLANG_WARN_OBJC_IMPLICIT_RETAIN_SELF = YES;
				CLANG_WARN_OBJC_LITERAL_CONVERSION = YES;
				CLANG_WARN_OBJC_ROOT_CLASS = YES_ERROR;
				CLANG_WARN_QUOTED_INCLUDE_IN_FRAMEWORK_HEADER = YES;
				CLANG_WARN_RANGE_LOOP_ANALYSIS = YES;
				CLANG_WARN_STRICT_PROTOTYPES = YES;
				CLANG_WARN_SUSPICIOUS_MOVE = YES;
				CLANG_WARN_UNGUARDED_AVAILABILITY = YES_AGGRESSIVE;
				CLANG_WARN_UNREACHABLE_CODE = YES;
				CLANG_WARN__DUPLICATE_METHOD_MATCH = YES;
				COPY_PHASE_STRIP = NO;
				DEBUG_INFORMATION_FORMAT = "dwarf-with-dsym";
				ENABLE_NS_ASSERTIONS = NO;
				ENABLE_STRICT_OBJC_MSGSEND = YES;
				GCC_C_LANGUAGE_STANDARD = gnu11;
				GCC_NO_COMMON_BLOCKS = YES;
				GCC_WARN_64_TO_32_BIT_CONVERSION = YES;
				GCC_WARN_ABOUT_RETURN_TYPE = YES_ERROR;
				GCC_WARN_UNDECLARED_SELECTOR = YES;
				GCC_WARN_UNINITIALIZED_AUTOS = YES_AGGRESSIVE;
				GCC_WARN_UNUSED_FUNCTION = YES;
				GCC_WARN_UNUSED_VARIABLE = YES;
				IPHONEOS_DEPLOYMENT_TARGET = 15.4;
				MTL_ENABLE_DEBUG_INFO = NO;
				MTL_FAST_MATH = YES;
				SDKROOT = iphoneos;
				SWIFT_COMPILATION_MODE = wholemodule;
				SWIFT_OPTIMIZATION_LEVEL = "-O";
				VALIDATE_PRODUCT = YES;
			};
			name = Release;
		};
		14CF313A2874162D0069B798 /* Debug */ = {
			isa = XCBuildConfiguration;
			buildSettings = {
				ASSETCATALOG_COMPILER_APPICON_NAME = AppIcon;
				ASSETCATALOG_COMPILER_GLOBAL_ACCENT_COLOR_NAME = AccentColor;
				CODE_SIGN_STYLE = Automatic;
				CURRENT_PROJECT_VERSION = 1;
				DEVELOPMENT_ASSET_PATHS = "\"AzzohiroCard/Preview Content\"";
				ENABLE_PREVIEWS = YES;
				GENERATE_INFOPLIST_FILE = YES;
				INFOPLIST_FILE = AzzohiroCard/Info.plist;
				INFOPLIST_KEY_UIApplicationSceneManifest_Generation = YES;
				INFOPLIST_KEY_UIApplicationSupportsIndirectInputEvents = YES;
				INFOPLIST_KEY_UILaunchScreen_Generation = YES;
				INFOPLIST_KEY_UISupportedInterfaceOrientations_iPad = "UIInterfaceOrientationPortrait UIInterfaceOrientationPortraitUpsideDown UIInterfaceOrientationLandscapeLeft UIInterfaceOrientationLandscapeRight";
				INFOPLIST_KEY_UISupportedInterfaceOrientations_iPhone = "UIInterfaceOrientationPortrait UIInterfaceOrientationLandscapeLeft UIInterfaceOrientationLandscapeRight";
				LD_RUNPATH_SEARCH_PATHS = (
					"$(inherited)",
					"@executable_path/Frameworks",
				);
				MARKETING_VERSION = 1.0;
				PRODUCT_BUNDLE_IDENTIFIER = com.azzohiro.AzzohiroCard;
				PRODUCT_NAME = "$(TARGET_NAME)";
				SWIFT_EMIT_LOC_STRINGS = YES;
				SWIFT_VERSION = 5.0;
				TARGETED_DEVICE_FAMILY = "1,2";
			};
			name = Debug;
		};
		14CF313B2874162D0069B798 /* Release */ = {
			isa = XCBuildConfiguration;
			buildSettings = {
				ASSETCATALOG_COMPILER_APPICON_NAME = AppIcon;
				ASSETCATALOG_COMPILER_GLOBAL_ACCENT_COLOR_NAME = AccentColor;
				CODE_SIGN_STYLE = Automatic;
				CURRENT_PROJECT_VERSION = 1;
				DEVELOPMENT_ASSET_PATHS = "\"AzzohiroCard/Preview Content\"";
				ENABLE_PREVIEWS = YES;
				GENERATE_INFOPLIST_FILE = YES;
				INFOPLIST_FILE = AzzohiroCard/Info.plist;
				INFOPLIST_KEY_UIApplicationSceneManifest_Generation = YES;
				INFOPLIST_KEY_UIApplicationSupportsIndirectInputEvents = YES;
				INFOPLIST_KEY_UILaunchScreen_Generation = YES;
				INFOPLIST_KEY_UISupportedInterfaceOrientations_iPad = "UIInterfaceOrientationPortrait UIInterfaceOrientationPortraitUpsideDown UIInterfaceOrientationLandscapeLeft UIInterfaceOrientationLandscapeRight";
				INFOPLIST_KEY_UISupportedInterfaceOrientations_iPhone = "UIInterfaceOrientationPortrait UIInterfaceOrientationLandscapeLeft UIInterfaceOrientationLandscapeRight";
				LD_RUNPATH_SEARCH_PATHS = (
					"$(inherited)",
					"@executable_path/Frameworks",
				);
				MARKETING_VERSION = 1.0;
				PRODUCT_BUNDLE_IDENTIFIER = com.azzohiro.AzzohiroCard;
				PRODUCT_NAME = "$(TARGET_NAME)";
				SWIFT_EMIT_LOC_STRINGS = YES;
				SWIFT_VERSION = 5.0;
				TARGETED_DEVICE_FAMILY = "1,2";
			};
			name = Release;
		};
/* End XCBuildConfiguration section */

/* Begin XCConfigurationList section */
		14CF31262874162A0069B798 /* Build configuration list for PBXProject "AzzohiroCard" */ = {
			isa = XCConfigurationList;
			buildConfigurations = (
				14CF31372874162D0069B798 /* Debug */,
				14CF31382874162D0069B798 /* Release */,
			);
			defaultConfigurationIsVisible = 0;
			defaultConfigurationName = Release;
		};
		14CF31392874162D0069B798 /* Build configuration list for PBXNativeTarget "AzzohiroCard" */ = {
			isa = XCConfigurationList;
			buildConfigurations = (
				14CF313A2874162D0069B798 /* Debug */,
				14CF313B2874162D0069B798 /* Release */,
			);
			defaultConfigurationIsVisible = 0;
			defaultConfigurationName = Release;
		};
/* End XCConfigurationList section */
	};
	rootObject = 14CF31232874162A0069B798 /* Project object */;
}
